
Microsoft Visual Studio Solution File, Format Version 12.00
# Visual Studio Version 16
VisualStudioVersion = 16.0.31624.102
MinimumVisualStudioVersion = 10.0.40219.1
Project("{8BC9CEB8-8B4A-11D0-8D11-00A0C91BC942}") = "eso2d", "eso2d\eso2d.vcxproj", "{B3688303-FC77-4F41-81AE-72EC45E514F1}"
EndProject
Project("{8BC9CEB8-8B4A-11D0-8D11-00A0C91BC942}") = "eso2d-console", "eso2d-console\eso2d-console.vcxproj", "{7DA2A858-B630-490B-BC6A-FDFF1A289D97}"
EndProject
Project("{2150E333-8FDC-42A3-9474-1A3956D46DE8}") = "Solution Items", "Solution Items", "{679238D5-741C-4D3B-9D83-C7AFC76729FB}"
	ProjectSection(SolutionItems) = preProject
		dependencies_setup.md = dependencies_setup.md
	EndProjectSection
EndProject
Global
	GlobalSection(SolutionConfigurationPlatforms) = preSolution
		Debug|x64 = Debug|x64
		Debug|x86 = Debug|x86
		Release|x64 = Release|x64
		Release|x86 = Release|x86
	EndGlobalSection
	GlobalSection(ProjectConfigurationPlatforms) = postSolution
		{B3688303-FC77-4F41-81AE-72EC45E514F1}.Debug|x64.ActiveCfg = Debug|x64
		{B3688303-FC77-4F41-81AE-72EC45E514F1}.Debug|x64.Build.0 = Debug|x64
		{B3688303-FC77-4F41-81AE-72EC45E514F1}.Debug|x86.ActiveCfg = Debug|Win32
		{B3688303-FC77-4F41-81AE-72EC45E514F1}.Debug|x86.Build.0 = Debug|Win32
		{B3688303-FC77-4F41-81AE-72EC45E514F1}.Release|x64.ActiveCfg = Release|x64
		{B3688303-FC77-4F41-81AE-72EC45E514F1}.Release|x64.Build.0 = Release|x64
		{B3688303-FC77-4F41-81AE-72EC45E514F1}.Release|x86.ActiveCfg = Release|Win32
		{B3688303-FC77-4F41-81AE-72EC45E514F1}.Release|x86.Build.0 = Release|Win32
		{7DA2A858-B630-490B-BC6A-FDFF1A289D97}.Debug|x64.ActiveCfg = Debug|x64
		{7DA2A858-B630-490B-BC6A-FDFF1A289D97}.Debug|x64.Build.0 = Debug|x64
		{7DA2A858-B630-490B-BC6A-FDFF1A289D97}.Debug|x86.ActiveCfg = Debug|Win32
		{7DA2A858-B630-490B-BC6A-FDFF1A289D97}.Debug|x86.Build.0 = Debug|Win32
		{7DA2A858-B630-490B-BC6A-FDFF1A289D97}.Release|x64.ActiveCfg = Release|x64
		{7DA2A858-B630-490B-BC6A-FDFF1A289D97}.Release|x64.Build.0 = Release|x64
		{7DA2A858-B630-490B-BC6A-FDFF1A289D97}.Release|x86.ActiveCfg = Release|Win32
		{7DA2A858-B630-490B-BC6A-FDFF1A289D97}.Release|x86.Build.0 = Release|Win32
	EndGlobalSection
	GlobalSection(SolutionProperties) = preSolution
		HideSolutionNode = FALSE
	EndGlobalSection
	GlobalSection(ExtensibilityGlobals) = postSolution
		SolutionGuid = {580A87C4-535D-49E5-8EFB-0EA9AF6733A4}
	EndGlobalSection
EndGlobal
